{
  "originHash" : "4fad772a3e7b9503b5178c3580e9c0e7845c5277d23267be0c486cad0d02b21e",
  "pins" : [
    {
      "identity" : "snapkit",
      "kind" : "remoteSourceControl",
      "location" : "https://github.com/SnapKit/SnapKit.git",
      "state" : {
        "revision" : "2842e6e84e82eb9a8dac0100ca90d9444b0307f4",
        "version" : "5.7.1"
      }
    },
    {
      "identity" : "spconfetti",
      "kind" : "remoteSourceControl",
      "location" : "https://github.com/ivanvorobei/SPConfetti",
      "state" : {
        "revision" : "0896bbf9ec20eaf125598d0f36ee5f1049117e18",
        "version" : "1.4.2"
      }
    },
    {
      "identity" : "swiftysound",
      "kind" : "remoteSourceControl",
      "location" : "https://github.com/adamcichy/SwiftySound.git",
      "state" : {
        "revision" : "72dbeaf4b4496b105bc731db05819dd16edc9449",
        "version" : "1.3.0"
      }
    }
  ],
  "version" : 3
}
