// !$*UTF8*$!
{
	archiveVersion = 1;
	classes = {
	};
	objectVersion = 77;
	objects = {

/* Begin PBXBuildFile section */
		D43333CC2D5F51DF002D8A89 /* SPConfetti in Frameworks */ = {isa = PBXBuildFile; productRef = D43333CB2D5F51DF002D8A89 /* SPConfetti */; };
		D43334392D64A1C8002D8A89 /* SwiftySound in Frameworks */ = {isa = PBXBuildFile; productRef = D43334382D64A1C8002D8A89 /* SwiftySound */; };
		D43334E62D7B2B29002D8A89 /* FirebaseFirestore in Frameworks */ = {isa = PBXBuildFile; productRef = D43334E52D7B2B29002D8A89 /* FirebaseFirestore */; };
		D43334EE2D7C5A3C002D8A89 /* FirebaseAnalyticsWithoutAdIdSupport in Frameworks */ = {isa = PBXBuildFile; productRef = D43334ED2D7C5A3C002D8A89 /* FirebaseAnalyticsWithoutAdIdSupport */; };
		D43334F12D7EF49D002D8A89 /* GoogleMobileAds in Frameworks */ = {isa = PBXBuildFile; productRef = D43334F02D7EF49D002D8A89 /* GoogleMobileAds */; };
		D433350D2D817FC5002D8A89 /* FirebaseMessaging in Frameworks */ = {isa = PBXBuildFile; productRef = D433350C2D817FC5002D8A89 /* FirebaseMessaging */; };
		D43335162D82B1FE002D8A89 /* StoreKit.framework in Frameworks */ = {isa = PBXBuildFile; fileRef = D43335152D82B1FE002D8A89 /* StoreKit.framework */; };
		D43337912D876BA1002D8A89 /* GoogleUserMessagingPlatform in Frameworks */ = {isa = PBXBuildFile; productRef = D43337902D876BA1002D8A89 /* GoogleUserMessagingPlatform */; };
		D4CE19192D5CA4680083A5AA /* SnapKit in Frameworks */ = {isa = PBXBuildFile; productRef = D4CE19182D5CA4680083A5AA /* SnapKit */; };
/* End PBXBuildFile section */

/* Begin PBXFileReference section */
		D43335152D82B1FE002D8A89 /* StoreKit.framework */ = {isa = PBXFileReference; lastKnownFileType = wrapper.framework; name = StoreKit.framework; path = System/Library/Frameworks/StoreKit.framework; sourceTree = SDKROOT; };
		D4CE18C42D5B611D0083A5AA /* LettroLine.app */ = {isa = PBXFileReference; explicitFileType = wrapper.application; includeInIndex = 0; path = LettroLine.app; sourceTree = BUILT_PRODUCTS_DIR; };
/* End PBXFileReference section */

/* Begin PBXFileSystemSynchronizedBuildFileExceptionSet section */
		D4CE18F72D5B648F0083A5AA /* Exceptions for "LettroLine" folder in "LettroLine" target */ = {
			isa = PBXFileSystemSynchronizedBuildFileExceptionSet;
			membershipExceptions = (
				"Resources/Supporting Files/Info.plist",
			);
			target = D4CE18C32D5B611D0083A5AA /* LettroLine */;
		};
/* End PBXFileSystemSynchronizedBuildFileExceptionSet section */

/* Begin PBXFileSystemSynchronizedRootGroup section */
		D4CE18C62D5B611D0083A5AA /* LettroLine */ = {
			isa = PBXFileSystemSynchronizedRootGroup;
			exceptions = (
				D4CE18F72D5B648F0083A5AA /* Exceptions for "LettroLine" folder in "LettroLine" target */,
			);
			path = LettroLine;
			sourceTree = "<group>";
		};
/* End PBXFileSystemSynchronizedRootGroup section */

/* Begin PBXFrameworksBuildPhase section */
		D4CE18C12D5B611D0083A5AA /* Frameworks */ = {
			isa = PBXFrameworksBuildPhase;
			buildActionMask = 2147483647;
			files = (
				D43334F12D7EF49D002D8A89 /* GoogleMobileAds in Frameworks */,
				D4CE19192D5CA4680083A5AA /* SnapKit in Frameworks */,
				D433350D2D817FC5002D8A89 /* FirebaseMessaging in Frameworks */,
				D43335162D82B1FE002D8A89 /* StoreKit.framework in Frameworks */,
				D43334EE2D7C5A3C002D8A89 /* FirebaseAnalyticsWithoutAdIdSupport in Frameworks */,
				D43334E62D7B2B29002D8A89 /* FirebaseFirestore in Frameworks */,
				D43334392D64A1C8002D8A89 /* SwiftySound in Frameworks */,
				D43337912D876BA1002D8A89 /* GoogleUserMessagingPlatform in Frameworks */,
				D43333CC2D5F51DF002D8A89 /* SPConfetti in Frameworks */,
			);
			runOnlyForDeploymentPostprocessing = 0;
		};
/* End PBXFrameworksBuildPhase section */

/* Begin PBXGroup section */
		D43335142D82B1FE002D8A89 /* Frameworks */ = {
			isa = PBXGroup;
			children = (
				D43335152D82B1FE002D8A89 /* StoreKit.framework */,
			);
			name = Frameworks;
			sourceTree = "<group>";
		};
		D4CE18BB2D5B611D0083A5AA = {
			isa = PBXGroup;
			children = (
				D4CE18C62D5B611D0083A5AA /* LettroLine */,
				D43335142D82B1FE002D8A89 /* Frameworks */,
				D4CE18C52D5B611D0083A5AA /* Products */,
			);
			sourceTree = "<group>";
		};
		D4CE18C52D5B611D0083A5AA /* Products */ = {
			isa = PBXGroup;
			children = (
				D4CE18C42D5B611D0083A5AA /* LettroLine.app */,
			);
			name = Products;
			sourceTree = "<group>";
		};
/* End PBXGroup section */

/* Begin PBXNativeTarget section */
		D4CE18C32D5B611D0083A5AA /* LettroLine */ = {
			isa = PBXNativeTarget;
			buildConfigurationList = D4CE18D72D5B61200083A5AA /* Build configuration list for PBXNativeTarget "LettroLine" */;
			buildPhases = (
				D4CE18C02D5B611D0083A5AA /* Sources */,
				D4CE18C12D5B611D0083A5AA /* Frameworks */,
				D4CE18C22D5B611D0083A5AA /* Resources */,
			);
			buildRules = (
			);
			dependencies = (
			);
			fileSystemSynchronizedGroups = (
				D4CE18C62D5B611D0083A5AA /* LettroLine */,
			);
			name = LettroLine;
			packageProductDependencies = (
				D4CE19182D5CA4680083A5AA /* SnapKit */,
				D43333CB2D5F51DF002D8A89 /* SPConfetti */,
				D43334382D64A1C8002D8A89 /* SwiftySound */,
				D43334E52D7B2B29002D8A89 /* FirebaseFirestore */,
				D43334ED2D7C5A3C002D8A89 /* FirebaseAnalyticsWithoutAdIdSupport */,
				D43334F02D7EF49D002D8A89 /* GoogleMobileAds */,
				D433350C2D817FC5002D8A89 /* FirebaseMessaging */,
				D43337902D876BA1002D8A89 /* GoogleUserMessagingPlatform */,
			);
			productName = LettroLine;
			productReference = D4CE18C42D5B611D0083A5AA /* LettroLine.app */;
			productType = "com.apple.product-type.application";
		};
/* End PBXNativeTarget section */

/* Begin PBXProject section */
		D4CE18BC2D5B611D0083A5AA /* Project object */ = {
			isa = PBXProject;
			attributes = {
				BuildIndependentTargetsInParallel = 1;
				LastSwiftUpdateCheck = 1620;
				LastUpgradeCheck = 1620;
				TargetAttributes = {
					D4CE18C32D5B611D0083A5AA = {
						CreatedOnToolsVersion = 16.2;
					};
				};
			};
			buildConfigurationList = D4CE18BF2D5B611D0083A5AA /* Build configuration list for PBXProject "LettroLine" */;
			developmentRegion = en;
			hasScannedForEncodings = 0;
			knownRegions = (
				en,
				Base,
			);
			mainGroup = D4CE18BB2D5B611D0083A5AA;
			minimizedProjectReferenceProxies = 1;
			packageReferences = (
				D4CE19172D5CA4680083A5AA /* XCRemoteSwiftPackageReference "SnapKit" */,
				D43333CA2D5F51DF002D8A89 /* XCRemoteSwiftPackageReference "SPConfetti" */,
				D43334372D64A1C8002D8A89 /* XCRemoteSwiftPackageReference "SwiftySound" */,
				D43334E42D7B2B29002D8A89 /* XCRemoteSwiftPackageReference "firebase-ios-sdk" */,
				D43334EF2D7EF49D002D8A89 /* XCRemoteSwiftPackageReference "swift-package-manager-google-mobile-ads" */,
				D433378F2D876BA1002D8A89 /* XCRemoteSwiftPackageReference "swift-package-manager-google-user-messaging-platform" */,
			);
			preferredProjectObjectVersion = 77;
			productRefGroup = D4CE18C52D5B611D0083A5AA /* Products */;
			projectDirPath = "";
			projectRoot = "";
			targets = (
				D4CE18C32D5B611D0083A5AA /* LettroLine */,
			);
		};
/* End PBXProject section */

/* Begin PBXResourcesBuildPhase section */
		D4CE18C22D5B611D0083A5AA /* Resources */ = {
			isa = PBXResourcesBuildPhase;
			buildActionMask = 2147483647;
			files = (
			);
			runOnlyForDeploymentPostprocessing = 0;
		};
/* End PBXResourcesBuildPhase section */

/* Begin PBXSourcesBuildPhase section */
		D4CE18C02D5B611D0083A5AA /* Sources */ = {
			isa = PBXSourcesBuildPhase;
			buildActionMask = 2147483647;
			files = (
			);
			runOnlyForDeploymentPostprocessing = 0;
		};
/* End PBXSourcesBuildPhase section */

/* Begin XCBuildConfiguration section */
		D4CE18D82D5B61200083A5AA /* Debug */ = {
			isa = XCBuildConfiguration;
			buildSettings = {
				ASSETCATALOG_COMPILER_APPICON_NAME = AppIcon;
				ASSETCATALOG_COMPILER_GLOBAL_ACCENT_COLOR_NAME = AccentColor;
				CODE_SIGN_ENTITLEMENTS = LettroLine/LettroLine.entitlements;
				CODE_SIGN_STYLE = Automatic;
				CURRENT_PROJECT_VERSION = 1.0.0;
				DEVELOPMENT_TEAM = K73XJ748R3;
				GENERATE_INFOPLIST_FILE = YES;
				INFOPLIST_FILE = "LettroLine/Resources/Supporting Files/Info.plist";
				INFOPLIST_KEY_CFBundleDisplayName = LettroLine;
				INFOPLIST_KEY_LSApplicationCategoryType = "public.app-category.word-games";
				INFOPLIST_KEY_UIApplicationSupportsIndirectInputEvents = YES;
				INFOPLIST_KEY_UILaunchStoryboardName = LaunchScreen;
				INFOPLIST_KEY_UIMainStoryboardFile = "";
				INFOPLIST_KEY_UISupportedInterfaceOrientations = "UIInterfaceOrientationPortrait UIInterfaceOrientationPortraitUpsideDown";
				INFOPLIST_KEY_UISupportedInterfaceOrientations_iPad = "UIInterfaceOrientationLandscapeLeft UIInterfaceOrientationLandscapeRight UIInterfaceOrientationPortrait UIInterfaceOrientationPortraitUpsideDown";
				LD_RUNPATH_SEARCH_PATHS = (
					"$(inherited)",
					"@executable_path/Frameworks",
				);
				MARKETING_VERSION = 1.0.2;
				PRODUCT_BUNDLE_IDENTIFIER = com.michaelblin.LettroLine;
				PRODUCT_NAME = "$(TARGET_NAME)";
				SWIFT_EMIT_LOC_STRINGS = YES;
				SWIFT_VERSION = 5.0;
				TARGETED_DEVICE_FAMILY = "1,2";
			};
			name = Debug;
		};
		D4CE18D92D5B61200083A5AA /* Release */ = {
			isa = XCBuildConfiguration;
			buildSettings = {
				ASSETCATALOG_COMPILER_APPICON_NAME = AppIcon;
				ASSETCATALOG_COMPILER_GLOBAL_ACCENT_COLOR_NAME = AccentColor;
				CODE_SIGN_ENTITLEMENTS = LettroLine/LettroLine.entitlements;
				CODE_SIGN_STYLE = Automatic;
				CURRENT_PROJECT_VERSION = 1.0.0;
				DEVELOPMENT_TEAM = K73XJ748R3;
				GENERATE_INFOPLIST_FILE = YES;
				INFOPLIST_FILE = "LettroLine/Resources/Supporting Files/Info.plist";
				INFOPLIST_KEY_CFBundleDisplayName = LettroLine;
				INFOPLIST_KEY_LSApplicationCategoryType = "public.app-category.word-games";
				INFOPLIST_KEY_UIApplicationSupportsIndirectInputEvents = YES;
				INFOPLIST_KEY_UILaunchStoryboardName = LaunchScreen;
				INFOPLIST_KEY_UIMainStoryboardFile = "";
				INFOPLIST_KEY_UISupportedInterfaceOrientations = "UIInterfaceOrientationPortrait UIInterfaceOrientationPortraitUpsideDown";
				INFOPLIST_KEY_UISupportedInterfaceOrientations_iPad = "UIInterfaceOrientationLandscapeLeft UIInterfaceOrientationLandscapeRight UIInterfaceOrientationPortrait UIInterfaceOrientationPortraitUpsideDown";
				LD_RUNPATH_SEARCH_PATHS = (
					"$(inherited)",
					"@executable_path/Frameworks",
				);
				MARKETING_VERSION = 1.0.2;
				PRODUCT_BUNDLE_IDENTIFIER = com.michaelblin.LettroLine;
				PRODUCT_NAME = "$(TARGET_NAME)";
				SWIFT_EMIT_LOC_STRINGS = YES;
				SWIFT_VERSION = 5.0;
				TARGETED_DEVICE_FAMILY = "1,2";
			};
			name = Release;
		};
		D4CE18DA2D5B61200083A5AA /* Debug */ = {
			isa = XCBuildConfiguration;
			buildSettings = {
				ALWAYS_SEARCH_USER_PATHS = NO;
				ASSETCATALOG_COMPILER_GENERATE_SWIFT_ASSET_SYMBOL_EXTENSIONS = YES;
				CLANG_ANALYZER_NONNULL = YES;
				CLANG_ANALYZER_NUMBER_OBJECT_CONVERSION = YES_AGGRESSIVE;
				CLANG_CXX_LANGUAGE_STANDARD = "gnu++20";
				CLANG_ENABLE_MODULES = YES;
				CLANG_ENABLE_OBJC_ARC = YES;
				CLANG_ENABLE_OBJC_WEAK = YES;
				CLANG_WARN_BLOCK_CAPTURE_AUTORELEASING = YES;
				CLANG_WARN_BOOL_CONVERSION = YES;
				CLANG_WARN_COMMA = YES;
				CLANG_WARN_CONSTANT_CONVERSION = YES;
				CLANG_WARN_DEPRECATED_OBJC_IMPLEMENTATIONS = YES;
				CLANG_WARN_DIRECT_OBJC_ISA_USAGE = YES_ERROR;
				CLANG_WARN_DOCUMENTATION_COMMENTS = YES;
				CLANG_WARN_EMPTY_BODY = YES;
				CLANG_WARN_ENUM_CONVERSION = YES;
				CLANG_WARN_INFINITE_RECURSION = YES;
				CLANG_WARN_INT_CONVERSION = YES;
				CLANG_WARN_NON_LITERAL_NULL_CONVERSION = YES;
				CLANG_WARN_OBJC_IMPLICIT_RETAIN_SELF = YES;
				CLANG_WARN_OBJC_LITERAL_CONVERSION = YES;
				CLANG_WARN_OBJC_ROOT_CLASS = YES_ERROR;
				CLANG_WARN_QUOTED_INCLUDE_IN_FRAMEWORK_HEADER = YES;
				CLANG_WARN_RANGE_LOOP_ANALYSIS = YES;
				CLANG_WARN_STRICT_PROTOTYPES = YES;
				CLANG_WARN_SUSPICIOUS_MOVE = YES;
				CLANG_WARN_UNGUARDED_AVAILABILITY = YES_AGGRESSIVE;
				CLANG_WARN_UNREACHABLE_CODE = YES;
				CLANG_WARN__DUPLICATE_METHOD_MATCH = YES;
				COPY_PHASE_STRIP = NO;
				DEBUG_INFORMATION_FORMAT = dwarf;
				ENABLE_STRICT_OBJC_MSGSEND = YES;
				ENABLE_TESTABILITY = YES;
				ENABLE_USER_SCRIPT_SANDBOXING = YES;
				GCC_C_LANGUAGE_STANDARD = gnu17;
				GCC_DYNAMIC_NO_PIC = NO;
				GCC_NO_COMMON_BLOCKS = YES;
				GCC_OPTIMIZATION_LEVEL = 0;
				GCC_PREPROCESSOR_DEFINITIONS = (
					"DEBUG=1",
					"$(inherited)",
				);
				GCC_WARN_64_TO_32_BIT_CONVERSION = YES;
				GCC_WARN_ABOUT_RETURN_TYPE = YES_ERROR;
				GCC_WARN_UNDECLARED_SELECTOR = YES;
				GCC_WARN_UNINITIALIZED_AUTOS = YES_AGGRESSIVE;
				GCC_WARN_UNUSED_FUNCTION = YES;
				GCC_WARN_UNUSED_VARIABLE = YES;
				IPHONEOS_DEPLOYMENT_TARGET = 18.2;
				LOCALIZATION_PREFERS_STRING_CATALOGS = YES;
				MTL_ENABLE_DEBUG_INFO = INCLUDE_SOURCE;
				MTL_FAST_MATH = YES;
				ONLY_ACTIVE_ARCH = YES;
				SDKROOT = iphoneos;
				SWIFT_ACTIVE_COMPILATION_CONDITIONS = "DEBUG $(inherited)";
				SWIFT_OPTIMIZATION_LEVEL = "-Onone";
			};
			name = Debug;
		};
		D4CE18DB2D5B61200083A5AA /* Release */ = {
			isa = XCBuildConfiguration;
			buildSettings = {
				ALWAYS_SEARCH_USER_PATHS = NO;
				ASSETCATALOG_COMPILER_GENERATE_SWIFT_ASSET_SYMBOL_EXTENSIONS = YES;
				CLANG_ANALYZER_NONNULL = YES;
				CLANG_ANALYZER_NUMBER_OBJECT_CONVERSION = YES_AGGRESSIVE;
				CLANG_CXX_LANGUAGE_STANDARD = "gnu++20";
				CLANG_ENABLE_MODULES = YES;
				CLANG_ENABLE_OBJC_ARC = YES;
				CLANG_ENABLE_OBJC_WEAK = YES;
				CLANG_WARN_BLOCK_CAPTURE_AUTORELEASING = YES;
				CLANG_WARN_BOOL_CONVERSION = YES;
				CLANG_WARN_COMMA = YES;
				CLANG_WARN_CONSTANT_CONVERSION = YES;
				CLANG_WARN_DEPRECATED_OBJC_IMPLEMENTATIONS = YES;
				CLANG_WARN_DIRECT_OBJC_ISA_USAGE = YES_ERROR;
				CLANG_WARN_DOCUMENTATION_COMMENTS = YES;
				CLANG_WARN_EMPTY_BODY = YES;
				CLANG_WARN_ENUM_CONVERSION = YES;
				CLANG_WARN_INFINITE_RECURSION = YES;
				CLANG_WARN_INT_CONVERSION = YES;
				CLANG_WARN_NON_LITERAL_NULL_CONVERSION = YES;
				CLANG_WARN_OBJC_IMPLICIT_RETAIN_SELF = YES;
				CLANG_WARN_OBJC_LITERAL_CONVERSION = YES;
				CLANG_WARN_OBJC_ROOT_CLASS = YES_ERROR;
				CLANG_WARN_QUOTED_INCLUDE_IN_FRAMEWORK_HEADER = YES;
				CLANG_WARN_RANGE_LOOP_ANALYSIS = YES;
				CLANG_WARN_STRICT_PROTOTYPES = YES;
				CLANG_WARN_SUSPICIOUS_MOVE = YES;
				CLANG_WARN_UNGUARDED_AVAILABILITY = YES_AGGRESSIVE;
				CLANG_WARN_UNREACHABLE_CODE = YES;
				CLANG_WARN__DUPLICATE_METHOD_MATCH = YES;
				COPY_PHASE_STRIP = NO;
				DEBUG_INFORMATION_FORMAT = "dwarf-with-dsym";
				ENABLE_NS_ASSERTIONS = NO;
				ENABLE_STRICT_OBJC_MSGSEND = YES;
				ENABLE_USER_SCRIPT_SANDBOXING = YES;
				GCC_C_LANGUAGE_STANDARD = gnu17;
				GCC_NO_COMMON_BLOCKS = YES;
				GCC_WARN_64_TO_32_BIT_CONVERSION = YES;
				GCC_WARN_ABOUT_RETURN_TYPE = YES_ERROR;
				GCC_WARN_UNDECLARED_SELECTOR = YES;
				GCC_WARN_UNINITIALIZED_AUTOS = YES_AGGRESSIVE;
				GCC_WARN_UNUSED_FUNCTION = YES;
				GCC_WARN_UNUSED_VARIABLE = YES;
				IPHONEOS_DEPLOYMENT_TARGET = 18.2;
				LOCALIZATION_PREFERS_STRING_CATALOGS = YES;
				MTL_ENABLE_DEBUG_INFO = NO;
				MTL_FAST_MATH = YES;
				SDKROOT = iphoneos;
				SWIFT_COMPILATION_MODE = wholemodule;
				VALIDATE_PRODUCT = YES;
			};
			name = Release;
		};
/* End XCBuildConfiguration section */

/* Begin XCConfigurationList section */
		D4CE18BF2D5B611D0083A5AA /* Build configuration list for PBXProject "LettroLine" */ = {
			isa = XCConfigurationList;
			buildConfigurations = (
				D4CE18DA2D5B61200083A5AA /* Debug */,
				D4CE18DB2D5B61200083A5AA /* Release */,
			);
			defaultConfigurationIsVisible = 0;
			defaultConfigurationName = Release;
		};
		D4CE18D72D5B61200083A5AA /* Build configuration list for PBXNativeTarget "LettroLine" */ = {
			isa = XCConfigurationList;
			buildConfigurations = (
				D4CE18D82D5B61200083A5AA /* Debug */,
				D4CE18D92D5B61200083A5AA /* Release */,
			);
			defaultConfigurationIsVisible = 0;
			defaultConfigurationName = Release;
		};
/* End XCConfigurationList section */

/* Begin XCRemoteSwiftPackageReference section */
		D43333CA2D5F51DF002D8A89 /* XCRemoteSwiftPackageReference "SPConfetti" */ = {
			isa = XCRemoteSwiftPackageReference;
			repositoryURL = "https://github.com/ivanvorobei/SPConfetti";
			requirement = {
				kind = upToNextMajorVersion;
				minimumVersion = 1.4.2;
			};
		};
		D43334372D64A1C8002D8A89 /* XCRemoteSwiftPackageReference "SwiftySound" */ = {
			isa = XCRemoteSwiftPackageReference;
			repositoryURL = "https://github.com/adamcichy/SwiftySound.git";
			requirement = {
				kind = upToNextMajorVersion;
				minimumVersion = 1.3.0;
			};
		};
		D43334E42D7B2B29002D8A89 /* XCRemoteSwiftPackageReference "firebase-ios-sdk" */ = {
			isa = XCRemoteSwiftPackageReference;
			repositoryURL = "https://github.com/firebase/firebase-ios-sdk";
			requirement = {
				kind = upToNextMajorVersion;
				minimumVersion = 11.9.0;
			};
		};
		D43334EF2D7EF49D002D8A89 /* XCRemoteSwiftPackageReference "swift-package-manager-google-mobile-ads" */ = {
			isa = XCRemoteSwiftPackageReference;
			repositoryURL = "https://github.com/googleads/swift-package-manager-google-mobile-ads.git";
			requirement = {
				kind = upToNextMajorVersion;
				minimumVersion = 12.1.0;
			};
		};
		D433378F2D876BA1002D8A89 /* XCRemoteSwiftPackageReference "swift-package-manager-google-user-messaging-platform" */ = {
			isa = XCRemoteSwiftPackageReference;
			repositoryURL = "https://github.com/googleads/swift-package-manager-google-user-messaging-platform.git";
			requirement = {
				kind = upToNextMajorVersion;
				minimumVersion = 2.7.0;
			};
		};
		D4CE19172D5CA4680083A5AA /* XCRemoteSwiftPackageReference "SnapKit" */ = {
			isa = XCRemoteSwiftPackageReference;
			repositoryURL = "https://github.com/SnapKit/SnapKit.git";
			requirement = {
				kind = upToNextMajorVersion;
				minimumVersion = 5.7.1;
			};
		};
/* End XCRemoteSwiftPackageReference section */

/* Begin XCSwiftPackageProductDependency section */
		D43333CB2D5F51DF002D8A89 /* SPConfetti */ = {
			isa = XCSwiftPackageProductDependency;
			package = D43333CA2D5F51DF002D8A89 /* XCRemoteSwiftPackageReference "SPConfetti" */;
			productName = SPConfetti;
		};
		D43334382D64A1C8002D8A89 /* SwiftySound */ = {
			isa = XCSwiftPackageProductDependency;
			package = D43334372D64A1C8002D8A89 /* XCRemoteSwiftPackageReference "SwiftySound" */;
			productName = SwiftySound;
		};
		D43334E52D7B2B29002D8A89 /* FirebaseFirestore */ = {
			isa = XCSwiftPackageProductDependency;
			package = D43334E42D7B2B29002D8A89 /* XCRemoteSwiftPackageReference "firebase-ios-sdk" */;
			productName = FirebaseFirestore;
		};
		D43334ED2D7C5A3C002D8A89 /* FirebaseAnalyticsWithoutAdIdSupport */ = {
			isa = XCSwiftPackageProductDependency;
			package = D43334E42D7B2B29002D8A89 /* XCRemoteSwiftPackageReference "firebase-ios-sdk" */;
			productName = FirebaseAnalyticsWithoutAdIdSupport;
		};
		D43334F02D7EF49D002D8A89 /* GoogleMobileAds */ = {
			isa = XCSwiftPackageProductDependency;
			package = D43334EF2D7EF49D002D8A89 /* XCRemoteSwiftPackageReference "swift-package-manager-google-mobile-ads" */;
			productName = GoogleMobileAds;
		};
		D433350C2D817FC5002D8A89 /* FirebaseMessaging */ = {
			isa = XCSwiftPackageProductDependency;
			package = D43334E42D7B2B29002D8A89 /* XCRemoteSwiftPackageReference "firebase-ios-sdk" */;
			productName = FirebaseMessaging;
		};
		D43337902D876BA1002D8A89 /* GoogleUserMessagingPlatform */ = {
			isa = XCSwiftPackageProductDependency;
			package = D433378F2D876BA1002D8A89 /* XCRemoteSwiftPackageReference "swift-package-manager-google-user-messaging-platform" */;
			productName = GoogleUserMessagingPlatform;
		};
		D4CE19182D5CA4680083A5AA /* SnapKit */ = {
			isa = XCSwiftPackageProductDependency;
			package = D4CE19172D5CA4680083A5AA /* XCRemoteSwiftPackageReference "SnapKit" */;
			productName = SnapKit;
		};
/* End XCSwiftPackageProductDependency section */
	};
	rootObject = D4CE18BC2D5B611D0083A5AA /* Project object */;
}
